
Microsoft Visual Studio Solution File, Format Version 12.00
# Visual Studio Version 18
VisualStudioVersion = 18.0.11205.157
MinimumVisualStudioVersion = 10.0.40219.1
Project("{FAE04EC0-301F-11D3-BF4B-00C04F79EFBC}") = "HomeWork1", "HomeWork1\HomeWork1.csproj", "{D387DD6D-6D54-42F7-B2C9-6DBB08B585D2}"
EndProject
Project("{FAE04EC0-301F-11D3-BF4B-00C04F79EFBC}") = "HomeWork2", "HomeWork2\HomeWork2.csproj", "{00365D88-62CB-429B-95A5-3BF44A57C4CC}"
EndProject
Project("{FAE04EC0-301F-11D3-BF4B-00C04F79EFBC}") = "HomeWork3", "HomeWork3\HomeWork3.csproj", "{CD0FE865-0D78-458B-86CC-C1469195BE5A}"
EndProject
Project("{FAE04EC0-301F-11D3-BF4B-00C04F79EFBC}") = "HomeWork4", "HomeWork4\HomeWork4.csproj", "{BC122DCD-DA99-49D9-BCF0-E865BD552A9C}"
EndProject
Project("{FAE04EC0-301F-11D3-BF4B-00C04F79EFBC}") = "HomeWork5", "HomeWork5\HomeWork5.csproj", "{1C5B3E9D-D8FA-466F-8303-54EFF7887216}"
EndProject
Project("{FAE04EC0-301F-11D3-BF4B-00C04F79EFBC}") = "HomeWork6", "HomeWork6\HomeWork6.csproj", "{C35D799C-E91D-48CE-B562-899637B8BCE9}"
EndProject
Project("{FAE04EC0-301F-11D3-BF4B-00C04F79EFBC}") = "HomeWork7", "HomeWork7\HomeWork7.csproj", "{17940543-1334-42BA-BC21-11ADCD4799AC}"
EndProject
Project("{FAE04EC0-301F-11D3-BF4B-00C04F79EFBC}") = "HomeWork8", "HomeWork8\HomeWork8.csproj", "{EAF5FE24-D6CA-4343-A542-B6F9DD31BADC}"
EndProject
Project("{FAE04EC0-301F-11D3-BF4B-00C04F79EFBC}") = "HomeWork9", "HomeWork9\HomeWork9.csproj", "{3B88B17E-BE95-4BBA-BC91-A917D5E353D6}"
EndProject
Project("{FAE04EC0-301F-11D3-BF4B-00C04F79EFBC}") = "HomeWork10", "HomeWork10\HomeWork10.csproj", "{5BDCC041-4417-4415-90FC-A228E3836D05}"
EndProject
Project("{FAE04EC0-301F-11D3-BF4B-00C04F79EFBC}") = "HomeWork11", "HomeWork11\HomeWork11.csproj", "{86850EC3-52B1-42E4-934F-DBF01078EAE3}"
EndProject
Project("{FAE04EC0-301F-11D3-BF4B-00C04F79EFBC}") = "HomeWork12", "HomeWork12\HomeWork12.csproj", "{F6C4E879-D6A3-40F5-B2E5-D1E3A7E6B534}"
EndProject
Project("{FAE04EC0-301F-11D3-BF4B-00C04F79EFBC}") = "HomeWork13", "HomeWork13\HomeWork13.csproj", "{473CC108-9106-41E6-B5B6-0C5897E7FC08}"
EndProject
Project("{FAE04EC0-301F-11D3-BF4B-00C04F79EFBC}") = "HomeWork14", "HomeWork14\HomeWork14.csproj", "{4579D8A7-026E-4D7B-A40B-6016F5BB8501}"
EndProject
Project("{FAE04EC0-301F-11D3-BF4B-00C04F79EFBC}") = "HomeWork15", "HomeWork15\HomeWork15.csproj", "{25D3C860-FD13-4D22-8ABF-4CBAFF5226E7}"
EndProject
Project("{FAE04EC0-301F-11D3-BF4B-00C04F79EFBC}") = "HomeWork16", "HomeWork16\HomeWork16.csproj", "{FE6119AB-779A-4763-8522-E2F816EAD2AB}"
EndProject
Project("{FAE04EC0-301F-11D3-BF4B-00C04F79EFBC}") = "HomeWork17", "HomeWork17\HomeWork17.csproj", "{BBB455DA-966C-4DBD-958C-A972BBD0338F}"
EndProject
Project("{FAE04EC0-301F-11D3-BF4B-00C04F79EFBC}") = "HomeWork18", "HomeWork18\HomeWork18.csproj", "{7D7CF007-C955-4003-9545-E9D258B244FA}"
EndProject
Project("{FAE04EC0-301F-11D3-BF4B-00C04F79EFBC}") = "HomeWork19", "HomeWork19\HomeWork19.csproj", "{EE785AE0-AD1D-42C0-AF9F-2ABF136FE953}"
EndProject
Project("{FAE04EC0-301F-11D3-BF4B-00C04F79EFBC}") = "HomeWork20", "HomeWork20\HomeWork20.csproj", "{38B8761C-31EF-493B-8CE5-52A35D5A995D}"
EndProject
Project("{FAE04EC0-301F-11D3-BF4B-00C04F79EFBC}") = "HomeWork21", "HomeWork21\HomeWork21.csproj", "{3730370B-B3B6-4BF8-8813-65B0F6491939}"
EndProject
Project("{FAE04EC0-301F-11D3-BF4B-00C04F79EFBC}") = "E-Commerce Shopping Cart System", "E-Commerce Shopping Cart System\E-Commerce Shopping Cart System.csproj", "{CC796E9E-9A9F-422D-95C7-A79C209C074D}"
EndProject
Project("{FAE04EC0-301F-11D3-BF4B-00C04F79EFBC}") = "HomeWork22", "HomeWork22\HomeWork22.csproj", "{35CA53E9-17A8-4519-B536-20A7B9B7F80F}"
EndProject
Project("{FAE04EC0-301F-11D3-BF4B-00C04F79EFBC}") = "HomeWork23", "HomeWork23\HomeWork23.csproj", "{03C5D49D-9043-4DA0-A976-D88193196A45}"
EndProject
Project("{FAE04EC0-301F-11D3-BF4B-00C04F79EFBC}") = "HomeWork24", "HomeWork24\HomeWork24.csproj", "{CD62AD50-FF4C-489E-A81A-1D9CA6BB7C2B}"
EndProject
Project("{FAE04EC0-301F-11D3-BF4B-00C04F79EFBC}") = "HomeWork25", "HomeWork25\HomeWork25.csproj", "{8419A901-769B-47F5-B670-921F3AC5DE3E}"
EndProject
Project("{FAE04EC0-301F-11D3-BF4B-00C04F79EFBC}") = "HomeWork26", "HomeWork26\HomeWork26.csproj", "{0847DE35-D5B5-4A89-B6CA-A76024ADDBF2}"
EndProject
Project("{FAE04EC0-301F-11D3-BF4B-00C04F79EFBC}") = "HomeWork27", "HomeWork27\HomeWork27.csproj", "{4C13F308-38B0-48F4-BA01-C83C7A0B3C37}"
EndProject
Project("{FAE04EC0-301F-11D3-BF4B-00C04F79EFBC}") = "HomeWork28", "HomeWork28\HomeWork28.csproj", "{7F529B11-21AA-4AD6-AAA8-CB81174B54F3}"
EndProject
Project("{FAE04EC0-301F-11D3-BF4B-00C04F79EFBC}") = "HomeWork29", "HomeWork29\HomeWork29.csproj", "{F100805F-01C0-4A50-8C91-E07A41AA47FE}"
EndProject
Project("{FAE04EC0-301F-11D3-BF4B-00C04F79EFBC}") = "HomeWork30", "HomeWork30\HomeWork30.csproj", "{568F0757-8629-4CC6-8016-BBDCC35C00E2}"
EndProject
Project("{FAE04EC0-301F-11D3-BF4B-00C04F79EFBC}") = "HomeWork31", "HomeWork31\HomeWork31.csproj", "{B6583D49-47A3-4C3C-8D2B-4FE2D0D73DDF}"
EndProject
Project("{FAE04EC0-301F-11D3-BF4B-00C04F79EFBC}") = "HomeWork32", "HomeWork32\HomeWork32.csproj", "{B1B4EF80-F628-40FD-A076-63A080C0EB20}"
EndProject
Project("{FAE04EC0-301F-11D3-BF4B-00C04F79EFBC}") = "HomeWork33", "HomeWork33\HomeWork33.csproj", "{A9D4849F-3FEA-477F-80F9-4D02377C38DC}"
EndProject
Project("{FAE04EC0-301F-11D3-BF4B-00C04F79EFBC}") = "HomeWork34", "HomeWork34\HomeWork34.csproj", "{6202393E-F1C8-4EC0-9900-E95E82ABA77C}"
EndProject
Project("{FAE04EC0-301F-11D3-BF4B-00C04F79EFBC}") = "HomeWork35", "HomeWork35\HomeWork35.csproj", "{6B5BBF87-6C7B-4F12-99AC-CCA09D456EEF}"
EndProject
Project("{FAE04EC0-301F-11D3-BF4B-00C04F79EFBC}") = "HomeWork36", "HomeWork36\HomeWork36.csproj", "{8B3A62BD-ADD8-41BD-8797-FEA374B80D04}"
EndProject
Project("{FAE04EC0-301F-11D3-BF4B-00C04F79EFBC}") = "HomeWork37", "HomeWork37\HomeWork37.csproj", "{43C0C692-C91B-4B38-A9C3-413A677AAC90}"
EndProject
Project("{FAE04EC0-301F-11D3-BF4B-00C04F79EFBC}") = "HomeWork38", "HomeWork38\HomeWork38.csproj", "{89A298B3-E930-4291-A3DC-889ADC79A631}"
EndProject
Project("{FAE04EC0-301F-11D3-BF4B-00C04F79EFBC}") = "HomeWork39", "HomeWork39\HomeWork39.csproj", "{F946A794-D044-47DF-BA78-3345A1165334}"
EndProject
Project("{FAE04EC0-301F-11D3-BF4B-00C04F79EFBC}") = "HomeWork41 - Asp", "HomeWork41 - Asp\HomeWork41 - Asp.csproj", "{7CD13E1D-2566-4E50-9DF3-C74AB2FBA19E}"
EndProject
Project("{FAE04EC0-301F-11D3-BF4B-00C04F79EFBC}") = "HomeWork42 - Asp", "HomeWork42 - Asp\HomeWork42 - Asp.csproj", "{55FB0C1B-DCAD-42E7-AFCA-4447ECDDE295}"
EndProject
Project("{FAE04EC0-301F-11D3-BF4B-00C04F79EFBC}") = "HomeWork43 - Asp", "HomeWork43 - Asp\HomeWork43 - Asp.csproj", "{C7424287-569A-4E8B-A58B-E92D7FDAE74A}"
EndProject
Project("{FAE04EC0-301F-11D3-BF4B-00C04F79EFBC}") = "HomeWork44 - Asp", "HomeWork44 - Asp\HomeWork44 - Asp.csproj", "{67C70A1D-C7D1-4260-B0E7-C49A804DF999}"
EndProject
Project("{FAE04EC0-301F-11D3-BF4B-00C04F79EFBC}") = "HomeWork 45 - Asp", "HomeWork 45 - Asp\HomeWork 45 - Asp.csproj", "{CA611812-E26D-459E-8F75-53979396DE33}"
EndProject
Project("{FAE04EC0-301F-11D3-BF4B-00C04F79EFBC}") = "HomeWork 46 - Asp", "HomeWork 46 - Asp\HomeWork 46 - Asp.csproj", "{1C8EFC91-865B-463F-93CD-AAC0AFE57226}"
EndProject
Project("{FAE04EC0-301F-11D3-BF4B-00C04F79EFBC}") = "Homework 47 - Asp", "Homework 47 - Asp\Homework 47 - Asp.csproj", "{8DFCE387-E77F-40C3-86DB-8CE4527B4954}"
EndProject
Project("{FAE04EC0-301F-11D3-BF4B-00C04F79EFBC}") = "HomeWork 48 - Asp", "HomeWork 48 - Asp\HomeWork 48 - Asp.csproj", "{B525D38C-37AA-41EE-9F8F-939B3DEAF4B0}"
EndProject
Project("{FAE04EC0-301F-11D3-BF4B-00C04F79EFBC}") = "HomeWork 49 -Asp", "HomeWork 49 -Asp\HomeWork 49 -Asp.csproj", "{D488008E-30EE-47E9-9344-BE5CAE3770F6}"
EndProject
Project("{FAE04EC0-301F-11D3-BF4B-00C04F79EFBC}") = "Entity_Project", "Entity_Project\Entity_Project.csproj", "{6D1C80F3-D85C-4FBA-96EC-1B785590E11C}"
EndProject
Project("{FAE04EC0-301F-11D3-BF4B-00C04F79EFBC}") = "SocialMedia - Asp-50", "SocialMedia - Asp-50\SocialMedia - Asp-50.csproj", "{D1C7727F-5C27-4050-80F6-4DF853A4E893}"
EndProject
Project("{FAE04EC0-301F-11D3-BF4B-00C04F79EFBC}") = "HomeWork 50 - One to one", "HomeWork 50 - One to one\HomeWork 50 - One to one.csproj", "{0E8319B5-6EB3-49DB-9656-3D757BA1389E}"
EndProject
Project("{FAE04EC0-301F-11D3-BF4B-00C04F79EFBC}") = "HomeWork 51 - Asp JWT", "HomeWork 51 - Asp JWT\HomeWork 51 - Asp JWT.csproj", "{EFD6FBE2-CD74-4DCA-9964-3CDFE7769F90}"
EndProject
Project("{FAE04EC0-301F-11D3-BF4B-00C04F79EFBC}") = "HomeWork 52 - Asp&angular (movies)", "HomeWork 52 - Asp&angular (movies)\HomeWork 52 - Asp&angular (movies).csproj", "{E1174276-C1A1-4E34-A1D4-6B00E4EAA108}"
EndProject
Project("{FAE04EC0-301F-11D3-BF4B-00C04F79EFBC}") = "HomeWork 53 - Social System", "HomeWork 53 - Social System\HomeWork 53 - Social System.csproj", "{132BC595-9FC4-4A59-8041-2D28C5172D32}"
EndProject
Project("{FAE04EC0-301F-11D3-BF4B-00C04F79EFBC}") = "HomeWork 55 - Student System - Asp & angular", "HomeWork 55 - Student System - Asp & angular\HomeWork 55 - Student System - Asp & angular.csproj", "{B051B614-994F-4A56-838C-46082E5A4581}"
EndProject
Project("{FAE04EC0-301F-11D3-BF4B-00C04F79EFBC}") = "HomeWork 56 - Todo & Extension", "HomeWork 56 - Todo & Extension\HomeWork 56 - Todo & Extension.csproj", "{7F03E35A-0356-4F5C-8592-7503167D1A24}"
EndProject
Project("{FAE04EC0-301F-11D3-BF4B-00C04F79EFBC}") = "HomeWork 57 - Asp E-Commerce", "HomeWork 57 - Asp E-Commerce\HomeWork 57 - Asp E-Commerce.csproj", "{8B5092EC-B362-46DA-80C6-0E640F5CBFEA}"
EndProject
Global
	GlobalSection(SolutionConfigurationPlatforms) = preSolution
		Debug|Any CPU = Debug|Any CPU
		Release|Any CPU = Release|Any CPU
	EndGlobalSection
	GlobalSection(ProjectConfigurationPlatforms) = postSolution
		{D387DD6D-6D54-42F7-B2C9-6DBB08B585D2}.Debug|Any CPU.ActiveCfg = Debug|Any CPU
		{D387DD6D-6D54-42F7-B2C9-6DBB08B585D2}.Debug|Any CPU.Build.0 = Debug|Any CPU
		{D387DD6D-6D54-42F7-B2C9-6DBB08B585D2}.Release|Any CPU.ActiveCfg = Release|Any CPU
		{D387DD6D-6D54-42F7-B2C9-6DBB08B585D2}.Release|Any CPU.Build.0 = Release|Any CPU
		{00365D88-62CB-429B-95A5-3BF44A57C4CC}.Debug|Any CPU.ActiveCfg = Debug|Any CPU
		{00365D88-62CB-429B-95A5-3BF44A57C4CC}.Debug|Any CPU.Build.0 = Debug|Any CPU
		{00365D88-62CB-429B-95A5-3BF44A57C4CC}.Release|Any CPU.ActiveCfg = Release|Any CPU
		{00365D88-62CB-429B-95A5-3BF44A57C4CC}.Release|Any CPU.Build.0 = Release|Any CPU
		{CD0FE865-0D78-458B-86CC-C1469195BE5A}.Debug|Any CPU.ActiveCfg = Debug|Any CPU
		{CD0FE865-0D78-458B-86CC-C1469195BE5A}.Debug|Any CPU.Build.0 = Debug|Any CPU
		{CD0FE865-0D78-458B-86CC-C1469195BE5A}.Release|Any CPU.ActiveCfg = Release|Any CPU
		{CD0FE865-0D78-458B-86CC-C1469195BE5A}.Release|Any CPU.Build.0 = Release|Any CPU
		{BC122DCD-DA99-49D9-BCF0-E865BD552A9C}.Debug|Any CPU.ActiveCfg = Debug|Any CPU
		{BC122DCD-DA99-49D9-BCF0-E865BD552A9C}.Debug|Any CPU.Build.0 = Debug|Any CPU
		{BC122DCD-DA99-49D9-BCF0-E865BD552A9C}.Release|Any CPU.ActiveCfg = Release|Any CPU
		{BC122DCD-DA99-49D9-BCF0-E865BD552A9C}.Release|Any CPU.Build.0 = Release|Any CPU
		{1C5B3E9D-D8FA-466F-8303-54EFF7887216}.Debug|Any CPU.ActiveCfg = Debug|Any CPU
		{1C5B3E9D-D8FA-466F-8303-54EFF7887216}.Debug|Any CPU.Build.0 = Debug|Any CPU
		{1C5B3E9D-D8FA-466F-8303-54EFF7887216}.Release|Any CPU.ActiveCfg = Release|Any CPU
		{1C5B3E9D-D8FA-466F-8303-54EFF7887216}.Release|Any CPU.Build.0 = Release|Any CPU
		{C35D799C-E91D-48CE-B562-899637B8BCE9}.Debug|Any CPU.ActiveCfg = Debug|Any CPU
		{C35D799C-E91D-48CE-B562-899637B8BCE9}.Debug|Any CPU.Build.0 = Debug|Any CPU
		{C35D799C-E91D-48CE-B562-899637B8BCE9}.Release|Any CPU.ActiveCfg = Release|Any CPU
		{C35D799C-E91D-48CE-B562-899637B8BCE9}.Release|Any CPU.Build.0 = Release|Any CPU
		{17940543-1334-42BA-BC21-11ADCD4799AC}.Debug|Any CPU.ActiveCfg = Debug|Any CPU
		{17940543-1334-42BA-BC21-11ADCD4799AC}.Debug|Any CPU.Build.0 = Debug|Any CPU
		{17940543-1334-42BA-BC21-11ADCD4799AC}.Release|Any CPU.ActiveCfg = Release|Any CPU
		{17940543-1334-42BA-BC21-11ADCD4799AC}.Release|Any CPU.Build.0 = Release|Any CPU
		{EAF5FE24-D6CA-4343-A542-B6F9DD31BADC}.Debug|Any CPU.ActiveCfg = Debug|Any CPU
		{EAF5FE24-D6CA-4343-A542-B6F9DD31BADC}.Debug|Any CPU.Build.0 = Debug|Any CPU
		{EAF5FE24-D6CA-4343-A542-B6F9DD31BADC}.Release|Any CPU.ActiveCfg = Release|Any CPU
		{EAF5FE24-D6CA-4343-A542-B6F9DD31BADC}.Release|Any CPU.Build.0 = Release|Any CPU
		{3B88B17E-BE95-4BBA-BC91-A917D5E353D6}.Debug|Any CPU.ActiveCfg = Debug|Any CPU
		{3B88B17E-BE95-4BBA-BC91-A917D5E353D6}.Debug|Any CPU.Build.0 = Debug|Any CPU
		{3B88B17E-BE95-4BBA-BC91-A917D5E353D6}.Release|Any CPU.ActiveCfg = Release|Any CPU
		{3B88B17E-BE95-4BBA-BC91-A917D5E353D6}.Release|Any CPU.Build.0 = Release|Any CPU
		{5BDCC041-4417-4415-90FC-A228E3836D05}.Debug|Any CPU.ActiveCfg = Debug|Any CPU
		{5BDCC041-4417-4415-90FC-A228E3836D05}.Debug|Any CPU.Build.0 = Debug|Any CPU
		{5BDCC041-4417-4415-90FC-A228E3836D05}.Release|Any CPU.ActiveCfg = Release|Any CPU
		{5BDCC041-4417-4415-90FC-A228E3836D05}.Release|Any CPU.Build.0 = Release|Any CPU
		{86850EC3-52B1-42E4-934F-DBF01078EAE3}.Debug|Any CPU.ActiveCfg = Debug|Any CPU
		{86850EC3-52B1-42E4-934F-DBF01078EAE3}.Debug|Any CPU.Build.0 = Debug|Any CPU
		{86850EC3-52B1-42E4-934F-DBF01078EAE3}.Release|Any CPU.ActiveCfg = Release|Any CPU
		{86850EC3-52B1-42E4-934F-DBF01078EAE3}.Release|Any CPU.Build.0 = Release|Any CPU
		{F6C4E879-D6A3-40F5-B2E5-D1E3A7E6B534}.Debug|Any CPU.ActiveCfg = Debug|Any CPU
		{F6C4E879-D6A3-40F5-B2E5-D1E3A7E6B534}.Debug|Any CPU.Build.0 = Debug|Any CPU
		{F6C4E879-D6A3-40F5-B2E5-D1E3A7E6B534}.Release|Any CPU.ActiveCfg = Release|Any CPU
		{F6C4E879-D6A3-40F5-B2E5-D1E3A7E6B534}.Release|Any CPU.Build.0 = Release|Any CPU
		{473CC108-9106-41E6-B5B6-0C5897E7FC08}.Debug|Any CPU.ActiveCfg = Debug|Any CPU
		{473CC108-9106-41E6-B5B6-0C5897E7FC08}.Debug|Any CPU.Build.0 = Debug|Any CPU
		{473CC108-9106-41E6-B5B6-0C5897E7FC08}.Release|Any CPU.ActiveCfg = Release|Any CPU
		{473CC108-9106-41E6-B5B6-0C5897E7FC08}.Release|Any CPU.Build.0 = Release|Any CPU
		{4579D8A7-026E-4D7B-A40B-6016F5BB8501}.Debug|Any CPU.ActiveCfg = Debug|Any CPU
		{4579D8A7-026E-4D7B-A40B-6016F5BB8501}.Debug|Any CPU.Build.0 = Debug|Any CPU
		{4579D8A7-026E-4D7B-A40B-6016F5BB8501}.Release|Any CPU.ActiveCfg = Release|Any CPU
		{4579D8A7-026E-4D7B-A40B-6016F5BB8501}.Release|Any CPU.Build.0 = Release|Any CPU
		{25D3C860-FD13-4D22-8ABF-4CBAFF5226E7}.Debug|Any CPU.ActiveCfg = Debug|Any CPU
		{25D3C860-FD13-4D22-8ABF-4CBAFF5226E7}.Debug|Any CPU.Build.0 = Debug|Any CPU
		{25D3C860-FD13-4D22-8ABF-4CBAFF5226E7}.Release|Any CPU.ActiveCfg = Release|Any CPU
		{25D3C860-FD13-4D22-8ABF-4CBAFF5226E7}.Release|Any CPU.Build.0 = Release|Any CPU
		{FE6119AB-779A-4763-8522-E2F816EAD2AB}.Debug|Any CPU.ActiveCfg = Debug|Any CPU
		{FE6119AB-779A-4763-8522-E2F816EAD2AB}.Debug|Any CPU.Build.0 = Debug|Any CPU
		{FE6119AB-779A-4763-8522-E2F816EAD2AB}.Release|Any CPU.ActiveCfg = Release|Any CPU
		{FE6119AB-779A-4763-8522-E2F816EAD2AB}.Release|Any CPU.Build.0 = Release|Any CPU
		{BBB455DA-966C-4DBD-958C-A972BBD0338F}.Debug|Any CPU.ActiveCfg = Debug|Any CPU
		{BBB455DA-966C-4DBD-958C-A972BBD0338F}.Debug|Any CPU.Build.0 = Debug|Any CPU
		{BBB455DA-966C-4DBD-958C-A972BBD0338F}.Release|Any CPU.ActiveCfg = Release|Any CPU
		{BBB455DA-966C-4DBD-958C-A972BBD0338F}.Release|Any CPU.Build.0 = Release|Any CPU
		{7D7CF007-C955-4003-9545-E9D258B244FA}.Debug|Any CPU.ActiveCfg = Debug|Any CPU
		{7D7CF007-C955-4003-9545-E9D258B244FA}.Debug|Any CPU.Build.0 = Debug|Any CPU
		{7D7CF007-C955-4003-9545-E9D258B244FA}.Release|Any CPU.ActiveCfg = Release|Any CPU
		{7D7CF007-C955-4003-9545-E9D258B244FA}.Release|Any CPU.Build.0 = Release|Any CPU
		{EE785AE0-AD1D-42C0-AF9F-2ABF136FE953}.Debug|Any CPU.ActiveCfg = Debug|Any CPU
		{EE785AE0-AD1D-42C0-AF9F-2ABF136FE953}.Debug|Any CPU.Build.0 = Debug|Any CPU
		{EE785AE0-AD1D-42C0-AF9F-2ABF136FE953}.Release|Any CPU.ActiveCfg = Release|Any CPU
		{EE785AE0-AD1D-42C0-AF9F-2ABF136FE953}.Release|Any CPU.Build.0 = Release|Any CPU
		{38B8761C-31EF-493B-8CE5-52A35D5A995D}.Debug|Any CPU.ActiveCfg = Debug|Any CPU
		{38B8761C-31EF-493B-8CE5-52A35D5A995D}.Debug|Any CPU.Build.0 = Debug|Any CPU
		{38B8761C-31EF-493B-8CE5-52A35D5A995D}.Release|Any CPU.ActiveCfg = Release|Any CPU
		{38B8761C-31EF-493B-8CE5-52A35D5A995D}.Release|Any CPU.Build.0 = Release|Any CPU
		{3730370B-B3B6-4BF8-8813-65B0F6491939}.Debug|Any CPU.ActiveCfg = Debug|Any CPU
		{3730370B-B3B6-4BF8-8813-65B0F6491939}.Debug|Any CPU.Build.0 = Debug|Any CPU
		{3730370B-B3B6-4BF8-8813-65B0F6491939}.Release|Any CPU.ActiveCfg = Release|Any CPU
		{3730370B-B3B6-4BF8-8813-65B0F6491939}.Release|Any CPU.Build.0 = Release|Any CPU
		{CC796E9E-9A9F-422D-95C7-A79C209C074D}.Debug|Any CPU.ActiveCfg = Debug|Any CPU
		{CC796E9E-9A9F-422D-95C7-A79C209C074D}.Debug|Any CPU.Build.0 = Debug|Any CPU
		{CC796E9E-9A9F-422D-95C7-A79C209C074D}.Release|Any CPU.ActiveCfg = Release|Any CPU
		{CC796E9E-9A9F-422D-95C7-A79C209C074D}.Release|Any CPU.Build.0 = Release|Any CPU
		{35CA53E9-17A8-4519-B536-20A7B9B7F80F}.Debug|Any CPU.ActiveCfg = Debug|Any CPU
		{35CA53E9-17A8-4519-B536-20A7B9B7F80F}.Debug|Any CPU.Build.0 = Debug|Any CPU
		{35CA53E9-17A8-4519-B536-20A7B9B7F80F}.Release|Any CPU.ActiveCfg = Release|Any CPU
		{35CA53E9-17A8-4519-B536-20A7B9B7F80F}.Release|Any CPU.Build.0 = Release|Any CPU
		{03C5D49D-9043-4DA0-A976-D88193196A45}.Debug|Any CPU.ActiveCfg = Debug|Any CPU
		{03C5D49D-9043-4DA0-A976-D88193196A45}.Debug|Any CPU.Build.0 = Debug|Any CPU
		{03C5D49D-9043-4DA0-A976-D88193196A45}.Release|Any CPU.ActiveCfg = Release|Any CPU
		{03C5D49D-9043-4DA0-A976-D88193196A45}.Release|Any CPU.Build.0 = Release|Any CPU
		{CD62AD50-FF4C-489E-A81A-1D9CA6BB7C2B}.Debug|Any CPU.ActiveCfg = Debug|Any CPU
		{CD62AD50-FF4C-489E-A81A-1D9CA6BB7C2B}.Debug|Any CPU.Build.0 = Debug|Any CPU
		{CD62AD50-FF4C-489E-A81A-1D9CA6BB7C2B}.Release|Any CPU.ActiveCfg = Release|Any CPU
		{CD62AD50-FF4C-489E-A81A-1D9CA6BB7C2B}.Release|Any CPU.Build.0 = Release|Any CPU
		{8419A901-769B-47F5-B670-921F3AC5DE3E}.Debug|Any CPU.ActiveCfg = Debug|Any CPU
		{8419A901-769B-47F5-B670-921F3AC5DE3E}.Debug|Any CPU.Build.0 = Debug|Any CPU
		{8419A901-769B-47F5-B670-921F3AC5DE3E}.Release|Any CPU.ActiveCfg = Release|Any CPU
		{8419A901-769B-47F5-B670-921F3AC5DE3E}.Release|Any CPU.Build.0 = Release|Any CPU
		{0847DE35-D5B5-4A89-B6CA-A76024ADDBF2}.Debug|Any CPU.ActiveCfg = Debug|Any CPU
		{0847DE35-D5B5-4A89-B6CA-A76024ADDBF2}.Debug|Any CPU.Build.0 = Debug|Any CPU
		{0847DE35-D5B5-4A89-B6CA-A76024ADDBF2}.Release|Any CPU.ActiveCfg = Release|Any CPU
		{0847DE35-D5B5-4A89-B6CA-A76024ADDBF2}.Release|Any CPU.Build.0 = Release|Any CPU
		{4C13F308-38B0-48F4-BA01-C83C7A0B3C37}.Debug|Any CPU.ActiveCfg = Debug|Any CPU
		{4C13F308-38B0-48F4-BA01-C83C7A0B3C37}.Debug|Any CPU.Build.0 = Debug|Any CPU
		{4C13F308-38B0-48F4-BA01-C83C7A0B3C37}.Release|Any CPU.ActiveCfg = Release|Any CPU
		{4C13F308-38B0-48F4-BA01-C83C7A0B3C37}.Release|Any CPU.Build.0 = Release|Any CPU
		{7F529B11-21AA-4AD6-AAA8-CB81174B54F3}.Debug|Any CPU.ActiveCfg = Debug|Any CPU
		{7F529B11-21AA-4AD6-AAA8-CB81174B54F3}.Debug|Any CPU.Build.0 = Debug|Any CPU
		{7F529B11-21AA-4AD6-AAA8-CB81174B54F3}.Release|Any CPU.ActiveCfg = Release|Any CPU
		{7F529B11-21AA-4AD6-AAA8-CB81174B54F3}.Release|Any CPU.Build.0 = Release|Any CPU
		{F100805F-01C0-4A50-8C91-E07A41AA47FE}.Debug|Any CPU.ActiveCfg = Debug|Any CPU
		{F100805F-01C0-4A50-8C91-E07A41AA47FE}.Debug|Any CPU.Build.0 = Debug|Any CPU
		{F100805F-01C0-4A50-8C91-E07A41AA47FE}.Release|Any CPU.ActiveCfg = Release|Any CPU
		{F100805F-01C0-4A50-8C91-E07A41AA47FE}.Release|Any CPU.Build.0 = Release|Any CPU
		{568F0757-8629-4CC6-8016-BBDCC35C00E2}.Debug|Any CPU.ActiveCfg = Debug|Any CPU
		{568F0757-8629-4CC6-8016-BBDCC35C00E2}.Debug|Any CPU.Build.0 = Debug|Any CPU
		{568F0757-8629-4CC6-8016-BBDCC35C00E2}.Release|Any CPU.ActiveCfg = Release|Any CPU
		{568F0757-8629-4CC6-8016-BBDCC35C00E2}.Release|Any CPU.Build.0 = Release|Any CPU
		{B6583D49-47A3-4C3C-8D2B-4FE2D0D73DDF}.Debug|Any CPU.ActiveCfg = Debug|Any CPU
		{B6583D49-47A3-4C3C-8D2B-4FE2D0D73DDF}.Debug|Any CPU.Build.0 = Debug|Any CPU
		{B6583D49-47A3-4C3C-8D2B-4FE2D0D73DDF}.Release|Any CPU.ActiveCfg = Release|Any CPU
		{B6583D49-47A3-4C3C-8D2B-4FE2D0D73DDF}.Release|Any CPU.Build.0 = Release|Any CPU
		{B1B4EF80-F628-40FD-A076-63A080C0EB20}.Debug|Any CPU.ActiveCfg = Debug|Any CPU
		{B1B4EF80-F628-40FD-A076-63A080C0EB20}.Debug|Any CPU.Build.0 = Debug|Any CPU
		{B1B4EF80-F628-40FD-A076-63A080C0EB20}.Release|Any CPU.ActiveCfg = Release|Any CPU
		{B1B4EF80-F628-40FD-A076-63A080C0EB20}.Release|Any CPU.Build.0 = Release|Any CPU
		{A9D4849F-3FEA-477F-80F9-4D02377C38DC}.Debug|Any CPU.ActiveCfg = Debug|Any CPU
		{A9D4849F-3FEA-477F-80F9-4D02377C38DC}.Debug|Any CPU.Build.0 = Debug|Any CPU
		{A9D4849F-3FEA-477F-80F9-4D02377C38DC}.Release|Any CPU.ActiveCfg = Release|Any CPU
		{A9D4849F-3FEA-477F-80F9-4D02377C38DC}.Release|Any CPU.Build.0 = Release|Any CPU
		{6202393E-F1C8-4EC0-9900-E95E82ABA77C}.Debug|Any CPU.ActiveCfg = Debug|Any CPU
		{6202393E-F1C8-4EC0-9900-E95E82ABA77C}.Debug|Any CPU.Build.0 = Debug|Any CPU
		{6202393E-F1C8-4EC0-9900-E95E82ABA77C}.Release|Any CPU.ActiveCfg = Release|Any CPU
		{6202393E-F1C8-4EC0-9900-E95E82ABA77C}.Release|Any CPU.Build.0 = Release|Any CPU
		{6B5BBF87-6C7B-4F12-99AC-CCA09D456EEF}.Debug|Any CPU.ActiveCfg = Debug|Any CPU
		{6B5BBF87-6C7B-4F12-99AC-CCA09D456EEF}.Debug|Any CPU.Build.0 = Debug|Any CPU
		{6B5BBF87-6C7B-4F12-99AC-CCA09D456EEF}.Release|Any CPU.ActiveCfg = Release|Any CPU
		{6B5BBF87-6C7B-4F12-99AC-CCA09D456EEF}.Release|Any CPU.Build.0 = Release|Any CPU
		{8B3A62BD-ADD8-41BD-8797-FEA374B80D04}.Debug|Any CPU.ActiveCfg = Debug|Any CPU
		{8B3A62BD-ADD8-41BD-8797-FEA374B80D04}.Debug|Any CPU.Build.0 = Debug|Any CPU
		{8B3A62BD-ADD8-41BD-8797-FEA374B80D04}.Release|Any CPU.ActiveCfg = Release|Any CPU
		{8B3A62BD-ADD8-41BD-8797-FEA374B80D04}.Release|Any CPU.Build.0 = Release|Any CPU
		{43C0C692-C91B-4B38-A9C3-413A677AAC90}.Debug|Any CPU.ActiveCfg = Debug|Any CPU
		{43C0C692-C91B-4B38-A9C3-413A677AAC90}.Debug|Any CPU.Build.0 = Debug|Any CPU
		{43C0C692-C91B-4B38-A9C3-413A677AAC90}.Release|Any CPU.ActiveCfg = Release|Any CPU
		{43C0C692-C91B-4B38-A9C3-413A677AAC90}.Release|Any CPU.Build.0 = Release|Any CPU
		{89A298B3-E930-4291-A3DC-889ADC79A631}.Debug|Any CPU.ActiveCfg = Debug|Any CPU
		{89A298B3-E930-4291-A3DC-889ADC79A631}.Debug|Any CPU.Build.0 = Debug|Any CPU
		{89A298B3-E930-4291-A3DC-889ADC79A631}.Release|Any CPU.ActiveCfg = Release|Any CPU
		{89A298B3-E930-4291-A3DC-889ADC79A631}.Release|Any CPU.Build.0 = Release|Any CPU
		{F946A794-D044-47DF-BA78-3345A1165334}.Debug|Any CPU.ActiveCfg = Debug|Any CPU
		{F946A794-D044-47DF-BA78-3345A1165334}.Debug|Any CPU.Build.0 = Debug|Any CPU
		{F946A794-D044-47DF-BA78-3345A1165334}.Release|Any CPU.ActiveCfg = Release|Any CPU
		{F946A794-D044-47DF-BA78-3345A1165334}.Release|Any CPU.Build.0 = Release|Any CPU
		{7CD13E1D-2566-4E50-9DF3-C74AB2FBA19E}.Debug|Any CPU.ActiveCfg = Debug|Any CPU
		{7CD13E1D-2566-4E50-9DF3-C74AB2FBA19E}.Debug|Any CPU.Build.0 = Debug|Any CPU
		{7CD13E1D-2566-4E50-9DF3-C74AB2FBA19E}.Release|Any CPU.ActiveCfg = Release|Any CPU
		{7CD13E1D-2566-4E50-9DF3-C74AB2FBA19E}.Release|Any CPU.Build.0 = Release|Any CPU
		{55FB0C1B-DCAD-42E7-AFCA-4447ECDDE295}.Debug|Any CPU.ActiveCfg = Debug|Any CPU
		{55FB0C1B-DCAD-42E7-AFCA-4447ECDDE295}.Debug|Any CPU.Build.0 = Debug|Any CPU
		{55FB0C1B-DCAD-42E7-AFCA-4447ECDDE295}.Release|Any CPU.ActiveCfg = Release|Any CPU
		{55FB0C1B-DCAD-42E7-AFCA-4447ECDDE295}.Release|Any CPU.Build.0 = Release|Any CPU
		{C7424287-569A-4E8B-A58B-E92D7FDAE74A}.Debug|Any CPU.ActiveCfg = Debug|Any CPU
		{C7424287-569A-4E8B-A58B-E92D7FDAE74A}.Debug|Any CPU.Build.0 = Debug|Any CPU
		{C7424287-569A-4E8B-A58B-E92D7FDAE74A}.Release|Any CPU.ActiveCfg = Release|Any CPU
		{C7424287-569A-4E8B-A58B-E92D7FDAE74A}.Release|Any CPU.Build.0 = Release|Any CPU
		{67C70A1D-C7D1-4260-B0E7-C49A804DF999}.Debug|Any CPU.ActiveCfg = Debug|Any CPU
		{67C70A1D-C7D1-4260-B0E7-C49A804DF999}.Debug|Any CPU.Build.0 = Debug|Any CPU
		{67C70A1D-C7D1-4260-B0E7-C49A804DF999}.Release|Any CPU.ActiveCfg = Release|Any CPU
		{67C70A1D-C7D1-4260-B0E7-C49A804DF999}.Release|Any CPU.Build.0 = Release|Any CPU
		{CA611812-E26D-459E-8F75-53979396DE33}.Debug|Any CPU.ActiveCfg = Debug|Any CPU
		{CA611812-E26D-459E-8F75-53979396DE33}.Debug|Any CPU.Build.0 = Debug|Any CPU
		{CA611812-E26D-459E-8F75-53979396DE33}.Release|Any CPU.ActiveCfg = Release|Any CPU
		{CA611812-E26D-459E-8F75-53979396DE33}.Release|Any CPU.Build.0 = Release|Any CPU
		{1C8EFC91-865B-463F-93CD-AAC0AFE57226}.Debug|Any CPU.ActiveCfg = Debug|Any CPU
		{1C8EFC91-865B-463F-93CD-AAC0AFE57226}.Debug|Any CPU.Build.0 = Debug|Any CPU
		{1C8EFC91-865B-463F-93CD-AAC0AFE57226}.Release|Any CPU.ActiveCfg = Release|Any CPU
		{1C8EFC91-865B-463F-93CD-AAC0AFE57226}.Release|Any CPU.Build.0 = Release|Any CPU
		{8DFCE387-E77F-40C3-86DB-8CE4527B4954}.Debug|Any CPU.ActiveCfg = Debug|Any CPU
		{8DFCE387-E77F-40C3-86DB-8CE4527B4954}.Debug|Any CPU.Build.0 = Debug|Any CPU
		{8DFCE387-E77F-40C3-86DB-8CE4527B4954}.Release|Any CPU.ActiveCfg = Release|Any CPU
		{8DFCE387-E77F-40C3-86DB-8CE4527B4954}.Release|Any CPU.Build.0 = Release|Any CPU
		{B525D38C-37AA-41EE-9F8F-939B3DEAF4B0}.Debug|Any CPU.ActiveCfg = Debug|Any CPU
		{B525D38C-37AA-41EE-9F8F-939B3DEAF4B0}.Debug|Any CPU.Build.0 = Debug|Any CPU
		{B525D38C-37AA-41EE-9F8F-939B3DEAF4B0}.Release|Any CPU.ActiveCfg = Release|Any CPU
		{B525D38C-37AA-41EE-9F8F-939B3DEAF4B0}.Release|Any CPU.Build.0 = Release|Any CPU
		{D488008E-30EE-47E9-9344-BE5CAE3770F6}.Debug|Any CPU.ActiveCfg = Debug|Any CPU
		{D488008E-30EE-47E9-9344-BE5CAE3770F6}.Debug|Any CPU.Build.0 = Debug|Any CPU
		{D488008E-30EE-47E9-9344-BE5CAE3770F6}.Release|Any CPU.ActiveCfg = Release|Any CPU
		{D488008E-30EE-47E9-9344-BE5CAE3770F6}.Release|Any CPU.Build.0 = Release|Any CPU
		{6D1C80F3-D85C-4FBA-96EC-1B785590E11C}.Debug|Any CPU.ActiveCfg = Debug|Any CPU
		{6D1C80F3-D85C-4FBA-96EC-1B785590E11C}.Debug|Any CPU.Build.0 = Debug|Any CPU
		{6D1C80F3-D85C-4FBA-96EC-1B785590E11C}.Release|Any CPU.ActiveCfg = Release|Any CPU
		{6D1C80F3-D85C-4FBA-96EC-1B785590E11C}.Release|Any CPU.Build.0 = Release|Any CPU
		{D1C7727F-5C27-4050-80F6-4DF853A4E893}.Debug|Any CPU.ActiveCfg = Debug|Any CPU
		{D1C7727F-5C27-4050-80F6-4DF853A4E893}.Debug|Any CPU.Build.0 = Debug|Any CPU
		{D1C7727F-5C27-4050-80F6-4DF853A4E893}.Release|Any CPU.ActiveCfg = Release|Any CPU
		{D1C7727F-5C27-4050-80F6-4DF853A4E893}.Release|Any CPU.Build.0 = Release|Any CPU
		{0E8319B5-6EB3-49DB-9656-3D757BA1389E}.Debug|Any CPU.ActiveCfg = Debug|Any CPU
		{0E8319B5-6EB3-49DB-9656-3D757BA1389E}.Debug|Any CPU.Build.0 = Debug|Any CPU
		{0E8319B5-6EB3-49DB-9656-3D757BA1389E}.Release|Any CPU.ActiveCfg = Release|Any CPU
		{0E8319B5-6EB3-49DB-9656-3D757BA1389E}.Release|Any CPU.Build.0 = Release|Any CPU
		{EFD6FBE2-CD74-4DCA-9964-3CDFE7769F90}.Debug|Any CPU.ActiveCfg = Debug|Any CPU
		{EFD6FBE2-CD74-4DCA-9964-3CDFE7769F90}.Debug|Any CPU.Build.0 = Debug|Any CPU
		{EFD6FBE2-CD74-4DCA-9964-3CDFE7769F90}.Release|Any CPU.ActiveCfg = Release|Any CPU
		{EFD6FBE2-CD74-4DCA-9964-3CDFE7769F90}.Release|Any CPU.Build.0 = Release|Any CPU
		{E1174276-C1A1-4E34-A1D4-6B00E4EAA108}.Debug|Any CPU.ActiveCfg = Debug|Any CPU
		{E1174276-C1A1-4E34-A1D4-6B00E4EAA108}.Debug|Any CPU.Build.0 = Debug|Any CPU
		{E1174276-C1A1-4E34-A1D4-6B00E4EAA108}.Release|Any CPU.ActiveCfg = Release|Any CPU
		{E1174276-C1A1-4E34-A1D4-6B00E4EAA108}.Release|Any CPU.Build.0 = Release|Any CPU
		{132BC595-9FC4-4A59-8041-2D28C5172D32}.Debug|Any CPU.ActiveCfg = Debug|Any CPU
		{132BC595-9FC4-4A59-8041-2D28C5172D32}.Debug|Any CPU.Build.0 = Debug|Any CPU
		{132BC595-9FC4-4A59-8041-2D28C5172D32}.Release|Any CPU.ActiveCfg = Release|Any CPU
		{132BC595-9FC4-4A59-8041-2D28C5172D32}.Release|Any CPU.Build.0 = Release|Any CPU
		{B051B614-994F-4A56-838C-46082E5A4581}.Debug|Any CPU.ActiveCfg = Debug|Any CPU
		{B051B614-994F-4A56-838C-46082E5A4581}.Debug|Any CPU.Build.0 = Debug|Any CPU
		{B051B614-994F-4A56-838C-46082E5A4581}.Release|Any CPU.ActiveCfg = Release|Any CPU
		{B051B614-994F-4A56-838C-46082E5A4581}.Release|Any CPU.Build.0 = Release|Any CPU
		{7F03E35A-0356-4F5C-8592-7503167D1A24}.Debug|Any CPU.ActiveCfg = Debug|Any CPU
		{7F03E35A-0356-4F5C-8592-7503167D1A24}.Debug|Any CPU.Build.0 = Debug|Any CPU
		{7F03E35A-0356-4F5C-8592-7503167D1A24}.Release|Any CPU.ActiveCfg = Release|Any CPU
		{7F03E35A-0356-4F5C-8592-7503167D1A24}.Release|Any CPU.Build.0 = Release|Any CPU
		{8B5092EC-B362-46DA-80C6-0E640F5CBFEA}.Debug|Any CPU.ActiveCfg = Debug|Any CPU
		{8B5092EC-B362-46DA-80C6-0E640F5CBFEA}.Debug|Any CPU.Build.0 = Debug|Any CPU
		{8B5092EC-B362-46DA-80C6-0E640F5CBFEA}.Release|Any CPU.ActiveCfg = Release|Any CPU
		{8B5092EC-B362-46DA-80C6-0E640F5CBFEA}.Release|Any CPU.Build.0 = Release|Any CPU
	EndGlobalSection
	GlobalSection(SolutionProperties) = preSolution
		HideSolutionNode = FALSE
	EndGlobalSection
	GlobalSection(ExtensibilityGlobals) = postSolution
		SolutionGuid = {EE64870B-F70D-46A3-B4B7-7BFB1D42188C}
	EndGlobalSection
EndGlobal
