
Microsoft Visual Studio Solution File, Format Version 12.00
# Visual Studio Version 17
VisualStudioVersion = 17.14.36221.1
MinimumVisualStudioVersion = 10.0.40219.1
Project("{FAE04EC0-301F-11D3-BF4B-00C04F79EFBC}") = "HomeWork1", "HomeWork1\HomeWork1.csproj", "{D387DD6D-6D54-42F7-B2C9-6DBB08B585D2}"
EndProject
Project("{FAE04EC0-301F-11D3-BF4B-00C04F79EFBC}") = "HomeWork2", "HomeWork2\HomeWork2.csproj", "{00365D88-62CB-429B-95A5-3BF44A57C4CC}"
EndProject
Project("{FAE04EC0-301F-11D3-BF4B-00C04F79EFBC}") = "HomeWork3", "HomeWork3\HomeWork3.csproj", "{CD0FE865-0D78-458B-86CC-C1469195BE5A}"
EndProject
Project("{FAE04EC0-301F-11D3-BF4B-00C04F79EFBC}") = "HomeWork4", "HomeWork4\HomeWork4.csproj", "{BC122DCD-DA99-49D9-BCF0-E865BD552A9C}"
EndProject
Project("{FAE04EC0-301F-11D3-BF4B-00C04F79EFBC}") = "HomeWork5", "HomeWork5\HomeWork5.csproj", "{1C5B3E9D-D8FA-466F-8303-54EFF7887216}"
EndProject
Global
	GlobalSection(SolutionConfigurationPlatforms) = preSolution
		Debug|Any CPU = Debug|Any CPU
		Release|Any CPU = Release|Any CPU
	EndGlobalSection
	GlobalSection(ProjectConfigurationPlatforms) = postSolution
		{D387DD6D-6D54-42F7-B2C9-6DBB08B585D2}.Debug|Any CPU.ActiveCfg = Debug|Any CPU
		{D387DD6D-6D54-42F7-B2C9-6DBB08B585D2}.Debug|Any CPU.Build.0 = Debug|Any CPU
		{D387DD6D-6D54-42F7-B2C9-6DBB08B585D2}.Release|Any CPU.ActiveCfg = Release|Any CPU
		{D387DD6D-6D54-42F7-B2C9-6DBB08B585D2}.Release|Any CPU.Build.0 = Release|Any CPU
		{00365D88-62CB-429B-95A5-3BF44A57C4CC}.Debug|Any CPU.ActiveCfg = Debug|Any CPU
		{00365D88-62CB-429B-95A5-3BF44A57C4CC}.Debug|Any CPU.Build.0 = Debug|Any CPU
		{00365D88-62CB-429B-95A5-3BF44A57C4CC}.Release|Any CPU.ActiveCfg = Release|Any CPU
		{00365D88-62CB-429B-95A5-3BF44A57C4CC}.Release|Any CPU.Build.0 = Release|Any CPU
		{CD0FE865-0D78-458B-86CC-C1469195BE5A}.Debug|Any CPU.ActiveCfg = Debug|Any CPU
		{CD0FE865-0D78-458B-86CC-C1469195BE5A}.Debug|Any CPU.Build.0 = Debug|Any CPU
		{CD0FE865-0D78-458B-86CC-C1469195BE5A}.Release|Any CPU.ActiveCfg = Release|Any CPU
		{CD0FE865-0D78-458B-86CC-C1469195BE5A}.Release|Any CPU.Build.0 = Release|Any CPU
		{BC122DCD-DA99-49D9-BCF0-E865BD552A9C}.Debug|Any CPU.ActiveCfg = Debug|Any CPU
		{BC122DCD-DA99-49D9-BCF0-E865BD552A9C}.Debug|Any CPU.Build.0 = Debug|Any CPU
		{BC122DCD-DA99-49D9-BCF0-E865BD552A9C}.Release|Any CPU.ActiveCfg = Release|Any CPU
		{BC122DCD-DA99-49D9-BCF0-E865BD552A9C}.Release|Any CPU.Build.0 = Release|Any CPU
		{1C5B3E9D-D8FA-466F-8303-54EFF7887216}.Debug|Any CPU.ActiveCfg = Debug|Any CPU
		{1C5B3E9D-D8FA-466F-8303-54EFF7887216}.Debug|Any CPU.Build.0 = Debug|Any CPU
		{1C5B3E9D-D8FA-466F-8303-54EFF7887216}.Release|Any CPU.ActiveCfg = Release|Any CPU
		{1C5B3E9D-D8FA-466F-8303-54EFF7887216}.Release|Any CPU.Build.0 = Release|Any CPU
	EndGlobalSection
	GlobalSection(SolutionProperties) = preSolution
		HideSolutionNode = FALSE
	EndGlobalSection
	GlobalSection(ExtensibilityGlobals) = postSolution
		SolutionGuid = {EE64870B-F70D-46A3-B4B7-7BFB1D42188C}
	EndGlobalSection
EndGlobal
