
Microsoft Visual Studio Solution File, Format Version 12.00
# Visual Studio Version 17
VisualStudioVersion = 17.14.36221.1 d17.14
MinimumVisualStudioVersion = 10.0.40219.1
Project("{FAE04EC0-301F-11D3-BF4B-00C04F79EFBC}") = "HomeWork7", "HomeWork7\HomeWork7.csproj", "{F2609BF8-0666-416C-90D3-8668F38E6DA7}"
EndProject
Global
	GlobalSection(SolutionConfigurationPlatforms) = preSolution
		Debug|Any CPU = Debug|Any CPU
		Release|Any CPU = Release|Any CPU
	EndGlobalSection
	GlobalSection(ProjectConfigurationPlatforms) = postSolution
		{F2609BF8-0666-416C-90D3-8668F38E6DA7}.Debug|Any CPU.ActiveCfg = Debug|Any CPU
		{F2609BF8-0666-416C-90D3-8668F38E6DA7}.Debug|Any CPU.Build.0 = Debug|Any CPU
		{F2609BF8-0666-416C-90D3-8668F38E6DA7}.Release|Any CPU.ActiveCfg = Release|Any CPU
		{F2609BF8-0666-416C-90D3-8668F38E6DA7}.Release|Any CPU.Build.0 = Release|Any CPU
	EndGlobalSection
	GlobalSection(SolutionProperties) = preSolution
		HideSolutionNode = FALSE
	EndGlobalSection
	GlobalSection(ExtensibilityGlobals) = postSolution
		SolutionGuid = {FA33997F-778D-4239-A464-0248379C6AF6}
	EndGlobalSection
EndGlobal
