
Microsoft Visual Studio Solution File, Format Version 12.00
# Visual Studio Version 17
VisualStudioVersion = 17.14.36127.28 d17.14
MinimumVisualStudioVersion = 10.0.40219.1
Project("{FAE04EC0-301F-11D3-BF4B-00C04F79EFBC}") = "ClassWork2", "ClassWork2\ClassWork2.csproj", "{6A28FD14-0ECF-4D9D-904C-A9FAE3192AC6}"
EndProject
Global
	GlobalSection(SolutionConfigurationPlatforms) = preSolution
		Debug|Any CPU = Debug|Any CPU
		Release|Any CPU = Release|Any CPU
	EndGlobalSection
	GlobalSection(ProjectConfigurationPlatforms) = postSolution
		{6A28FD14-0ECF-4D9D-904C-A9FAE3192AC6}.Debug|Any CPU.ActiveCfg = Debug|Any CPU
		{6A28FD14-0ECF-4D9D-904C-A9FAE3192AC6}.Debug|Any CPU.Build.0 = Debug|Any CPU
		{6A28FD14-0ECF-4D9D-904C-A9FAE3192AC6}.Release|Any CPU.ActiveCfg = Release|Any CPU
		{6A28FD14-0ECF-4D9D-904C-A9FAE3192AC6}.Release|Any CPU.Build.0 = Release|Any CPU
	EndGlobalSection
	GlobalSection(SolutionProperties) = preSolution
		HideSolutionNode = FALSE
	EndGlobalSection
	GlobalSection(ExtensibilityGlobals) = postSolution
		SolutionGuid = {0C810D32-F022-468C-9D5F-72E692F4685F}
	EndGlobalSection
EndGlobal
