
Microsoft Visual Studio Solution File, Format Version 12.00
# Visual Studio Version 17
VisualStudioVersion = 17.14.36221.1
MinimumVisualStudioVersion = 10.0.40219.1
Project("{FAE04EC0-301F-11D3-BF4B-00C04F79EFBC}") = "ClassWork2", "ClassWork2\ClassWork2.csproj", "{BE1556B0-96C4-46DB-9D2A-A184C7BCC848}"
EndProject
Project("{FAE04EC0-301F-11D3-BF4B-00C04F79EFBC}") = "ClassWork3", "ClassWork3\ClassWork3.csproj", "{7BFCE3C7-1104-4344-B02F-FAFBF46091C6}"
EndProject
Project("{FAE04EC0-301F-11D3-BF4B-00C04F79EFBC}") = "ClassWork4", "ClassWork4\ClassWork4.csproj", "{7A8177D6-B847-4FC4-A780-1C05E73F05C6}"
EndProject
Project("{FAE04EC0-301F-11D3-BF4B-00C04F79EFBC}") = "ClassWork5", "ClassWork5\ClassWork5.csproj", "{3ED6751F-2BBE-407D-9422-1C889422629C}"
EndProject
Project("{FAE04EC0-301F-11D3-BF4B-00C04F79EFBC}") = "ClassWork6", "ClassWork6\ClassWork6.csproj", "{E037B779-33B9-4412-B831-1D5A40AEE098}"
EndProject
Project("{FAE04EC0-301F-11D3-BF4B-00C04F79EFBC}") = "ClassWork1", "ClassWork1\ClassWork1.csproj", "{96BACAA0-39D4-4C22-AE87-71000B5A3E68}"
EndProject
Project("{FAE04EC0-301F-11D3-BF4B-00C04F79EFBC}") = "ClassWork7", "ClassWork7\ClassWork7.csproj", "{CB613347-31DD-4644-8D5D-2F485B000EC9}"
EndProject
Project("{FAE04EC0-301F-11D3-BF4B-00C04F79EFBC}") = "ClassWork8", "ClassWork8\ClassWork8.csproj", "{D2D84149-C880-4271-BF34-782C15AC8A25}"
EndProject
Project("{FAE04EC0-301F-11D3-BF4B-00C04F79EFBC}") = "ClassWork9", "ClassWork9\ClassWork9.csproj", "{1ED60721-66B6-46CC-9A56-EFB8DA2B8345}"
EndProject
Project("{FAE04EC0-301F-11D3-BF4B-00C04F79EFBC}") = "ClassWork11", "ClassWork11\ClassWork11.csproj", "{D1039EFB-7E51-4CBB-9816-23301F0B5673}"
EndProject
Project("{FAE04EC0-301F-11D3-BF4B-00C04F79EFBC}") = "ClassWork10", "ClassWork10\ClassWork10.csproj", "{BE01196F-F1F8-4F88-BDCF-E49A1BE50959}"
EndProject
Project("{FAE04EC0-301F-11D3-BF4B-00C04F79EFBC}") = "ClassWork12", "ClassWork12\ClassWork12.csproj", "{922DD4E1-12B4-40C0-A1EA-BC4E7EEA7120}"
EndProject
Project("{FAE04EC0-301F-11D3-BF4B-00C04F79EFBC}") = "ClassWork13", "ClassWork13\ClassWork13.csproj", "{E1710F26-1131-4BD5-86B9-C1EAC5914CC5}"
EndProject
Project("{FAE04EC0-301F-11D3-BF4B-00C04F79EFBC}") = "ClassWork14", "ClassWork14\ClassWork14.csproj", "{521A15AB-7376-47D7-BE97-B359561A4722}"
EndProject
Project("{FAE04EC0-301F-11D3-BF4B-00C04F79EFBC}") = "ClassWork15", "ClassWork15\ClassWork15.csproj", "{09CEB625-2890-466D-8774-70469D84EF8C}"
EndProject
Project("{FAE04EC0-301F-11D3-BF4B-00C04F79EFBC}") = "ClassWork16", "ClassWork16\ClassWork16.csproj", "{A17D14A8-C220-4C7D-9B37-44D237050A1A}"
EndProject
Global
	GlobalSection(SolutionConfigurationPlatforms) = preSolution
		Debug|Any CPU = Debug|Any CPU
		Release|Any CPU = Release|Any CPU
	EndGlobalSection
	GlobalSection(ProjectConfigurationPlatforms) = postSolution
		{BE1556B0-96C4-46DB-9D2A-A184C7BCC848}.Debug|Any CPU.ActiveCfg = Debug|Any CPU
		{BE1556B0-96C4-46DB-9D2A-A184C7BCC848}.Debug|Any CPU.Build.0 = Debug|Any CPU
		{BE1556B0-96C4-46DB-9D2A-A184C7BCC848}.Release|Any CPU.ActiveCfg = Release|Any CPU
		{BE1556B0-96C4-46DB-9D2A-A184C7BCC848}.Release|Any CPU.Build.0 = Release|Any CPU
		{7BFCE3C7-1104-4344-B02F-FAFBF46091C6}.Debug|Any CPU.ActiveCfg = Debug|Any CPU
		{7BFCE3C7-1104-4344-B02F-FAFBF46091C6}.Debug|Any CPU.Build.0 = Debug|Any CPU
		{7BFCE3C7-1104-4344-B02F-FAFBF46091C6}.Release|Any CPU.ActiveCfg = Release|Any CPU
		{7BFCE3C7-1104-4344-B02F-FAFBF46091C6}.Release|Any CPU.Build.0 = Release|Any CPU
		{7A8177D6-B847-4FC4-A780-1C05E73F05C6}.Debug|Any CPU.ActiveCfg = Debug|Any CPU
		{7A8177D6-B847-4FC4-A780-1C05E73F05C6}.Debug|Any CPU.Build.0 = Debug|Any CPU
		{7A8177D6-B847-4FC4-A780-1C05E73F05C6}.Release|Any CPU.ActiveCfg = Release|Any CPU
		{7A8177D6-B847-4FC4-A780-1C05E73F05C6}.Release|Any CPU.Build.0 = Release|Any CPU
		{3ED6751F-2BBE-407D-9422-1C889422629C}.Debug|Any CPU.ActiveCfg = Debug|Any CPU
		{3ED6751F-2BBE-407D-9422-1C889422629C}.Debug|Any CPU.Build.0 = Debug|Any CPU
		{3ED6751F-2BBE-407D-9422-1C889422629C}.Release|Any CPU.ActiveCfg = Release|Any CPU
		{3ED6751F-2BBE-407D-9422-1C889422629C}.Release|Any CPU.Build.0 = Release|Any CPU
		{E037B779-33B9-4412-B831-1D5A40AEE098}.Debug|Any CPU.ActiveCfg = Debug|Any CPU
		{E037B779-33B9-4412-B831-1D5A40AEE098}.Debug|Any CPU.Build.0 = Debug|Any CPU
		{E037B779-33B9-4412-B831-1D5A40AEE098}.Release|Any CPU.ActiveCfg = Release|Any CPU
		{E037B779-33B9-4412-B831-1D5A40AEE098}.Release|Any CPU.Build.0 = Release|Any CPU
		{96BACAA0-39D4-4C22-AE87-71000B5A3E68}.Debug|Any CPU.ActiveCfg = Debug|Any CPU
		{96BACAA0-39D4-4C22-AE87-71000B5A3E68}.Debug|Any CPU.Build.0 = Debug|Any CPU
		{96BACAA0-39D4-4C22-AE87-71000B5A3E68}.Release|Any CPU.ActiveCfg = Release|Any CPU
		{96BACAA0-39D4-4C22-AE87-71000B5A3E68}.Release|Any CPU.Build.0 = Release|Any CPU
		{CB613347-31DD-4644-8D5D-2F485B000EC9}.Debug|Any CPU.ActiveCfg = Debug|Any CPU
		{CB613347-31DD-4644-8D5D-2F485B000EC9}.Debug|Any CPU.Build.0 = Debug|Any CPU
		{CB613347-31DD-4644-8D5D-2F485B000EC9}.Release|Any CPU.ActiveCfg = Release|Any CPU
		{CB613347-31DD-4644-8D5D-2F485B000EC9}.Release|Any CPU.Build.0 = Release|Any CPU
		{D2D84149-C880-4271-BF34-782C15AC8A25}.Debug|Any CPU.ActiveCfg = Debug|Any CPU
		{D2D84149-C880-4271-BF34-782C15AC8A25}.Debug|Any CPU.Build.0 = Debug|Any CPU
		{D2D84149-C880-4271-BF34-782C15AC8A25}.Release|Any CPU.ActiveCfg = Release|Any CPU
		{D2D84149-C880-4271-BF34-782C15AC8A25}.Release|Any CPU.Build.0 = Release|Any CPU
		{1ED60721-66B6-46CC-9A56-EFB8DA2B8345}.Debug|Any CPU.ActiveCfg = Debug|Any CPU
		{1ED60721-66B6-46CC-9A56-EFB8DA2B8345}.Debug|Any CPU.Build.0 = Debug|Any CPU
		{1ED60721-66B6-46CC-9A56-EFB8DA2B8345}.Release|Any CPU.ActiveCfg = Release|Any CPU
		{1ED60721-66B6-46CC-9A56-EFB8DA2B8345}.Release|Any CPU.Build.0 = Release|Any CPU
		{D1039EFB-7E51-4CBB-9816-23301F0B5673}.Debug|Any CPU.ActiveCfg = Debug|Any CPU
		{D1039EFB-7E51-4CBB-9816-23301F0B5673}.Debug|Any CPU.Build.0 = Debug|Any CPU
		{D1039EFB-7E51-4CBB-9816-23301F0B5673}.Release|Any CPU.ActiveCfg = Release|Any CPU
		{D1039EFB-7E51-4CBB-9816-23301F0B5673}.Release|Any CPU.Build.0 = Release|Any CPU
		{BE01196F-F1F8-4F88-BDCF-E49A1BE50959}.Debug|Any CPU.ActiveCfg = Debug|Any CPU
		{BE01196F-F1F8-4F88-BDCF-E49A1BE50959}.Debug|Any CPU.Build.0 = Debug|Any CPU
		{BE01196F-F1F8-4F88-BDCF-E49A1BE50959}.Release|Any CPU.ActiveCfg = Release|Any CPU
		{BE01196F-F1F8-4F88-BDCF-E49A1BE50959}.Release|Any CPU.Build.0 = Release|Any CPU
		{922DD4E1-12B4-40C0-A1EA-BC4E7EEA7120}.Debug|Any CPU.ActiveCfg = Debug|Any CPU
		{922DD4E1-12B4-40C0-A1EA-BC4E7EEA7120}.Debug|Any CPU.Build.0 = Debug|Any CPU
		{922DD4E1-12B4-40C0-A1EA-BC4E7EEA7120}.Release|Any CPU.ActiveCfg = Release|Any CPU
		{922DD4E1-12B4-40C0-A1EA-BC4E7EEA7120}.Release|Any CPU.Build.0 = Release|Any CPU
		{E1710F26-1131-4BD5-86B9-C1EAC5914CC5}.Debug|Any CPU.ActiveCfg = Debug|Any CPU
		{E1710F26-1131-4BD5-86B9-C1EAC5914CC5}.Debug|Any CPU.Build.0 = Debug|Any CPU
		{E1710F26-1131-4BD5-86B9-C1EAC5914CC5}.Release|Any CPU.ActiveCfg = Release|Any CPU
		{E1710F26-1131-4BD5-86B9-C1EAC5914CC5}.Release|Any CPU.Build.0 = Release|Any CPU
		{521A15AB-7376-47D7-BE97-B359561A4722}.Debug|Any CPU.ActiveCfg = Debug|Any CPU
		{521A15AB-7376-47D7-BE97-B359561A4722}.Debug|Any CPU.Build.0 = Debug|Any CPU
		{521A15AB-7376-47D7-BE97-B359561A4722}.Release|Any CPU.ActiveCfg = Release|Any CPU
		{521A15AB-7376-47D7-BE97-B359561A4722}.Release|Any CPU.Build.0 = Release|Any CPU
		{09CEB625-2890-466D-8774-70469D84EF8C}.Debug|Any CPU.ActiveCfg = Debug|Any CPU
		{09CEB625-2890-466D-8774-70469D84EF8C}.Debug|Any CPU.Build.0 = Debug|Any CPU
		{09CEB625-2890-466D-8774-70469D84EF8C}.Release|Any CPU.ActiveCfg = Release|Any CPU
		{09CEB625-2890-466D-8774-70469D84EF8C}.Release|Any CPU.Build.0 = Release|Any CPU
		{A17D14A8-C220-4C7D-9B37-44D237050A1A}.Debug|Any CPU.ActiveCfg = Debug|Any CPU
		{A17D14A8-C220-4C7D-9B37-44D237050A1A}.Debug|Any CPU.Build.0 = Debug|Any CPU
		{A17D14A8-C220-4C7D-9B37-44D237050A1A}.Release|Any CPU.ActiveCfg = Release|Any CPU
		{A17D14A8-C220-4C7D-9B37-44D237050A1A}.Release|Any CPU.Build.0 = Release|Any CPU
	EndGlobalSection
	GlobalSection(SolutionProperties) = preSolution
		HideSolutionNode = FALSE
	EndGlobalSection
	GlobalSection(ExtensibilityGlobals) = postSolution
		SolutionGuid = {178762AD-EA0A-4CF9-876E-E7591E156232}
	EndGlobalSection
EndGlobal
