
Microsoft Visual Studio Solution File, Format Version 12.00
# Visual Studio Version 17
VisualStudioVersion = 17.14.36119.2 d17.14
MinimumVisualStudioVersion = 10.0.40219.1
Project("{FAE04EC0-301F-11D3-BF4B-00C04F79EFBC}") = "HomeWork4", "HomeWork4\HomeWork4.csproj", "{155D6BCE-7B64-420B-9D62-0289A5E90F16}"
EndProject
Global
	GlobalSection(SolutionConfigurationPlatforms) = preSolution
		Debug|Any CPU = Debug|Any CPU
		Release|Any CPU = Release|Any CPU
	EndGlobalSection
	GlobalSection(ProjectConfigurationPlatforms) = postSolution
		{155D6BCE-7B64-420B-9D62-0289A5E90F16}.Debug|Any CPU.ActiveCfg = Debug|Any CPU
		{155D6BCE-7B64-420B-9D62-0289A5E90F16}.Debug|Any CPU.Build.0 = Debug|Any CPU
		{155D6BCE-7B64-420B-9D62-0289A5E90F16}.Release|Any CPU.ActiveCfg = Release|Any CPU
		{155D6BCE-7B64-420B-9D62-0289A5E90F16}.Release|Any CPU.Build.0 = Release|Any CPU
	EndGlobalSection
	GlobalSection(SolutionProperties) = preSolution
		HideSolutionNode = FALSE
	EndGlobalSection
	GlobalSection(ExtensibilityGlobals) = postSolution
		SolutionGuid = {2E1EB524-952F-49B0-9768-3AE0684DC603}
	EndGlobalSection
EndGlobal
